
Microsoft Visual Studio Solution File, Format Version 12.00
# Visual Studio Version 17
VisualStudioVersion = 17.13.36105.23
MinimumVisualStudioVersion = 10.0.40219.1
Project("{FAE04EC0-301F-11D3-BF4B-00C04F79EFBC}") = "SysJaky_N", "SysJaky_N.csproj", "{0F00B5CC-7387-4BBD-BC19-D3115079631E}"
EndProject
Project("{FAE04EC0-301F-11D3-BF4B-00C04F79EFBC}") = "SysJaky_N.Tests", "SysJaky_N.Tests/SysJaky_N.Tests.csproj", "{B21BBA35-6CC5-49A3-9E37-0F6FF4320A67}"

EndProject
Global
	GlobalSection(SolutionConfigurationPlatforms) = preSolution
		Debug|Any CPU = Debug|Any CPU
		Release|Any CPU = Release|Any CPU
	EndGlobalSection
        GlobalSection(ProjectConfigurationPlatforms) = postSolution
                {0F00B5CC-7387-4BBD-BC19-D3115079631E}.Debug|Any CPU.ActiveCfg = Debug|Any CPU
                {0F00B5CC-7387-4BBD-BC19-D3115079631E}.Debug|Any CPU.Build.0 = Debug|Any CPU
                {0F00B5CC-7387-4BBD-BC19-D3115079631E}.Release|Any CPU.ActiveCfg = Release|Any CPU
                {0F00B5CC-7387-4BBD-BC19-D3115079631E}.Release|Any CPU.Build.0 = Release|Any CPU
                {B21BBA35-6CC5-49A3-9E37-0F6FF4320A67}.Debug|Any CPU.ActiveCfg = Debug|Any CPU
                {B21BBA35-6CC5-49A3-9E37-0F6FF4320A67}.Debug|Any CPU.Build.0 = Debug|Any CPU
                {B21BBA35-6CC5-49A3-9E37-0F6FF4320A67}.Release|Any CPU.ActiveCfg = Release|Any CPU
                {B21BBA35-6CC5-49A3-9E37-0F6FF4320A67}.Release|Any CPU.Build.0 = Release|Any CPU

        EndGlobalSection
	GlobalSection(SolutionProperties) = preSolution
		HideSolutionNode = FALSE
	EndGlobalSection
	GlobalSection(ExtensibilityGlobals) = postSolution
		SolutionGuid = {D21D9768-2ED9-4425-A84A-7298611022BB}
	EndGlobalSection
EndGlobal
